
Microsoft Visual Studio Solution File, Format Version 12.00
# Visual Studio Version 17
VisualStudioVersion = 17.6.33815.320
MinimumVisualStudioVersion = 10.0.40219.1
Project("{FAE04EC0-301F-11D3-BF4B-00C04F79EFBC}") = "DemoWindowsForms230929", "DemoWindowsForms230929\DemoWindowsForms230929.csproj", "{408480F2-D35E-4F66-8259-7BF8D270C7FA}"
EndProject
Global
	GlobalSection(SolutionConfigurationPlatforms) = preSolution
		Debug|Any CPU = Debug|Any CPU
		Release|Any CPU = Release|Any CPU
	EndGlobalSection
	GlobalSection(ProjectConfigurationPlatforms) = postSolution
		{408480F2-D35E-4F66-8259-7BF8D270C7FA}.Debug|Any CPU.ActiveCfg = Debug|Any CPU
		{408480F2-D35E-4F66-8259-7BF8D270C7FA}.Debug|Any CPU.Build.0 = Debug|Any CPU
		{408480F2-D35E-4F66-8259-7BF8D270C7FA}.Release|Any CPU.ActiveCfg = Release|Any CPU
		{408480F2-D35E-4F66-8259-7BF8D270C7FA}.Release|Any CPU.Build.0 = Release|Any CPU
	EndGlobalSection
	GlobalSection(SolutionProperties) = preSolution
		HideSolutionNode = FALSE
	EndGlobalSection
	GlobalSection(ExtensibilityGlobals) = postSolution
		SolutionGuid = {F1E10149-CC0A-4AA1-BC4C-8774DAAF15A3}
	EndGlobalSection
EndGlobal
